
Microsoft Visual Studio Solution File, Format Version 12.00
# Visual Studio 14
VisualStudioVersion = 14.0.25420.1
MinimumVisualStudioVersion = 10.0.40219.1
Project("{FAE04EC0-301F-11D3-BF4B-00C04F79EFBC}") = "Hippocrates.Visualizer", "Hippocrates.Visualizer\Hippocrates.Visualizer.csproj", "{CEC0B9C2-25C0-42BA-9602-8B53679F2F09}"
EndProject
Global
	GlobalSection(SolutionConfigurationPlatforms) = preSolution
		Debug|Any CPU = Debug|Any CPU
		Release|Any CPU = Release|Any CPU
	EndGlobalSection
	GlobalSection(ProjectConfigurationPlatforms) = postSolution
		{CEC0B9C2-25C0-42BA-9602-8B53679F2F09}.Debug|Any CPU.ActiveCfg = Debug|Any CPU
		{CEC0B9C2-25C0-42BA-9602-8B53679F2F09}.Debug|Any CPU.Build.0 = Debug|Any CPU
		{CEC0B9C2-25C0-42BA-9602-8B53679F2F09}.Release|Any CPU.ActiveCfg = Release|Any CPU
		{CEC0B9C2-25C0-42BA-9602-8B53679F2F09}.Release|Any CPU.Build.0 = Release|Any CPU
	EndGlobalSection
	GlobalSection(SolutionProperties) = preSolution
		HideSolutionNode = FALSE
	EndGlobalSection
EndGlobal
